
Microsoft Visual Studio Solution File, Format Version 12.00
# Visual Studio Version 16
VisualStudioVersion = 16.0.31005.135
MinimumVisualStudioVersion = 10.0.40219.1
Project("{FAE04EC0-301F-11D3-BF4B-00C04F79EFBC}") = "Hw1.3", "Hw1.3.csproj", "{7CE4E284-42DF-4713-A844-4603D2D2BAFD}"
EndProject
Global
	GlobalSection(SolutionConfigurationPlatforms) = preSolution
		Debug|Any CPU = Debug|Any CPU
		Release|Any CPU = Release|Any CPU
	EndGlobalSection
	GlobalSection(ProjectConfigurationPlatforms) = postSolution
		{7CE4E284-42DF-4713-A844-4603D2D2BAFD}.Debug|Any CPU.ActiveCfg = Debug|Any CPU
		{7CE4E284-42DF-4713-A844-4603D2D2BAFD}.Debug|Any CPU.Build.0 = Debug|Any CPU
		{7CE4E284-42DF-4713-A844-4603D2D2BAFD}.Release|Any CPU.ActiveCfg = Release|Any CPU
		{7CE4E284-42DF-4713-A844-4603D2D2BAFD}.Release|Any CPU.Build.0 = Release|Any CPU
	EndGlobalSection
	GlobalSection(SolutionProperties) = preSolution
		HideSolutionNode = FALSE
	EndGlobalSection
	GlobalSection(ExtensibilityGlobals) = postSolution
		SolutionGuid = {1C90C494-3E9F-472A-A27D-C9426F02A357}
	EndGlobalSection
EndGlobal
